
Microsoft Visual Studio Solution File, Format Version 12.00
# Visual Studio Version 16
VisualStudioVersion = 16.0.29102.190
MinimumVisualStudioVersion = 10.0.40219.1
Project("{9A19103F-16F7-4668-BE54-9A1E7A4F7556}") = "DepartmentStoreOne", "DepartmentStoreOne\DepartmentStoreOne.csproj", "{F74893E7-FE4F-4402-A9EB-2A4892A6E0AD}"
EndProject
Project("{FAE04EC0-301F-11D3-BF4B-00C04F79EFBC}") = "DepartmentStoreOne.Base.Model", "DepartmentStoreOne.Base.Model\DepartmentStoreOne.Base.Model.csproj", "{500467C9-3554-4C19-9916-CBF8E4C581DC}"
EndProject
Global
	GlobalSection(SolutionConfigurationPlatforms) = preSolution
		Debug|Any CPU = Debug|Any CPU
		Release|Any CPU = Release|Any CPU
	EndGlobalSection
	GlobalSection(ProjectConfigurationPlatforms) = postSolution
		{F74893E7-FE4F-4402-A9EB-2A4892A6E0AD}.Debug|Any CPU.ActiveCfg = Debug|Any CPU
		{F74893E7-FE4F-4402-A9EB-2A4892A6E0AD}.Debug|Any CPU.Build.0 = Debug|Any CPU
		{F74893E7-FE4F-4402-A9EB-2A4892A6E0AD}.Release|Any CPU.ActiveCfg = Release|Any CPU
		{F74893E7-FE4F-4402-A9EB-2A4892A6E0AD}.Release|Any CPU.Build.0 = Release|Any CPU
		{500467C9-3554-4C19-9916-CBF8E4C581DC}.Debug|Any CPU.ActiveCfg = Debug|Any CPU
		{500467C9-3554-4C19-9916-CBF8E4C581DC}.Debug|Any CPU.Build.0 = Debug|Any CPU
		{500467C9-3554-4C19-9916-CBF8E4C581DC}.Release|Any CPU.ActiveCfg = Release|Any CPU
		{500467C9-3554-4C19-9916-CBF8E4C581DC}.Release|Any CPU.Build.0 = Release|Any CPU
	EndGlobalSection
	GlobalSection(SolutionProperties) = preSolution
		HideSolutionNode = FALSE
	EndGlobalSection
	GlobalSection(ExtensibilityGlobals) = postSolution
		SolutionGuid = {09FE0B45-2EC0-46A1-A958-7FBB79B7FFC1}
	EndGlobalSection
EndGlobal
